
Microsoft Visual Studio Solution File, Format Version 12.00
# Visual Studio Version 17
VisualStudioVersion = 17.12.35527.113
MinimumVisualStudioVersion = 10.0.40219.1
Project("{FAE04EC0-301F-11D3-BF4B-00C04F79EFBC}") = "FileBox", "FileBox\FileBox.csproj", "{E63E24DB-71C0-4DCA-B0D5-282A2CD77112}"
EndProject
Project("{FAE04EC0-301F-11D3-BF4B-00C04F79EFBC}") = "FileBox.Shared", "FileBox.Shared\FileBox.Shared.csproj", "{D50554D9-BD86-4BEA-AFE2-EA6CEFF8728C}"
EndProject
Project("{FAE04EC0-301F-11D3-BF4B-00C04F79EFBC}") = "FileBoxApp", "FileBoxApp\FileBoxApp.csproj", "{877813A0-A06D-4D86-A689-8C835ED77FDE}"
EndProject
Project("{FAE04EC0-301F-11D3-BF4B-00C04F79EFBC}") = "FileBoxWebApp", "FileBoxWebApp\FileBoxWebApp\FileBoxWebApp.csproj", "{8EFAD2E1-1724-4C88-A145-B400ACA3F10C}"
EndProject
Project("{FAE04EC0-301F-11D3-BF4B-00C04F79EFBC}") = "FileBoxWebApp.Client", "FileBoxWebApp\FileBoxWebApp.Client\FileBoxWebApp.Client.csproj", "{CFADC994-F650-4942-A921-2FA538898113}"
EndProject
Global
	GlobalSection(SolutionConfigurationPlatforms) = preSolution
		Debug|Any CPU = Debug|Any CPU
		Release|Any CPU = Release|Any CPU
	EndGlobalSection
	GlobalSection(ProjectConfigurationPlatforms) = postSolution
		{E63E24DB-71C0-4DCA-B0D5-282A2CD77112}.Debug|Any CPU.ActiveCfg = Debug|Any CPU
		{E63E24DB-71C0-4DCA-B0D5-282A2CD77112}.Debug|Any CPU.Build.0 = Debug|Any CPU
		{E63E24DB-71C0-4DCA-B0D5-282A2CD77112}.Release|Any CPU.ActiveCfg = Release|Any CPU
		{E63E24DB-71C0-4DCA-B0D5-282A2CD77112}.Release|Any CPU.Build.0 = Release|Any CPU
		{D50554D9-BD86-4BEA-AFE2-EA6CEFF8728C}.Debug|Any CPU.ActiveCfg = Debug|Any CPU
		{D50554D9-BD86-4BEA-AFE2-EA6CEFF8728C}.Debug|Any CPU.Build.0 = Debug|Any CPU
		{D50554D9-BD86-4BEA-AFE2-EA6CEFF8728C}.Release|Any CPU.ActiveCfg = Release|Any CPU
		{D50554D9-BD86-4BEA-AFE2-EA6CEFF8728C}.Release|Any CPU.Build.0 = Release|Any CPU
		{877813A0-A06D-4D86-A689-8C835ED77FDE}.Debug|Any CPU.ActiveCfg = Debug|Any CPU
		{877813A0-A06D-4D86-A689-8C835ED77FDE}.Debug|Any CPU.Build.0 = Debug|Any CPU
		{877813A0-A06D-4D86-A689-8C835ED77FDE}.Debug|Any CPU.Deploy.0 = Debug|Any CPU
		{877813A0-A06D-4D86-A689-8C835ED77FDE}.Release|Any CPU.ActiveCfg = Release|Any CPU
		{877813A0-A06D-4D86-A689-8C835ED77FDE}.Release|Any CPU.Build.0 = Release|Any CPU
		{877813A0-A06D-4D86-A689-8C835ED77FDE}.Release|Any CPU.Deploy.0 = Release|Any CPU
		{8EFAD2E1-1724-4C88-A145-B400ACA3F10C}.Debug|Any CPU.ActiveCfg = Debug|Any CPU
		{8EFAD2E1-1724-4C88-A145-B400ACA3F10C}.Debug|Any CPU.Build.0 = Debug|Any CPU
		{8EFAD2E1-1724-4C88-A145-B400ACA3F10C}.Release|Any CPU.ActiveCfg = Release|Any CPU
		{8EFAD2E1-1724-4C88-A145-B400ACA3F10C}.Release|Any CPU.Build.0 = Release|Any CPU
		{CFADC994-F650-4942-A921-2FA538898113}.Debug|Any CPU.ActiveCfg = Debug|Any CPU
		{CFADC994-F650-4942-A921-2FA538898113}.Debug|Any CPU.Build.0 = Debug|Any CPU
		{CFADC994-F650-4942-A921-2FA538898113}.Release|Any CPU.ActiveCfg = Release|Any CPU
		{CFADC994-F650-4942-A921-2FA538898113}.Release|Any CPU.Build.0 = Release|Any CPU
	EndGlobalSection
	GlobalSection(SolutionProperties) = preSolution
		HideSolutionNode = FALSE
	EndGlobalSection
	GlobalSection(ExtensibilityGlobals) = postSolution
		SolutionGuid = {8D3A5EB9-4FBF-4961-9D0D-14AF5F6DF3FB}
	EndGlobalSection
EndGlobal
